<?xml version="1.0" encoding="UTF-8" standalone="yes" ?>
<CodeBlocks_project_file>
	<FileVersion major="1" minor="6" />
	<Project>
		<Option title="NRM" />
		<Option pch_mode="2" />
		<Option compiler="gcc" />
		<Build>
			<Target title="Win32 Release">
				<Option output="D:/赵晓娜/小图NRM_zxn10功能全/Release/NRM" prefix_auto="1" extension_auto="1" />
				<Option object_output="Release" />
				<Option type="0" />
				<Option compiler="gcc" />
				<Compiler>
					<Add option="-W" />
					<Add option="-fexceptions" />
					<Add option="-O2" />
					<Add option="-DWIN32" />
					<Add option="-DNDEBUG" />
					<Add option="-D_WINDOWS" />
					<Add option="-D_AFXDLL" />
					<Add option="-D_MBCS" />
				</Compiler>
				<Linker>
					<Add library="libeng" />
					<Add library="libmx" />
					<Add library="libmat" />
				</Linker>
			</Target>
			<Target title="Win32 Debug">
				<Option output="Bin/NRM" prefix_auto="1" extension_auto="1" />
				<Option object_output="Debug" />
				<Option type="0" />
				<Option compiler="gcc" />
				<Compiler>
					<Add option="-W" />
					<Add option="-fexceptions" />
					<Add option="-g" />
					<Add option="-DWIN32" />
					<Add option="-D_DEBUG" />
					<Add option="-D_WINDOWS" />
					<Add option="-D_AFXDLL" />
					<Add option="-D_MBCS" />
				</Compiler>
				<Linker>
					<Add library="libmx" />
					<Add library="libmex" />
					<Add library="libeng" />
				</Linker>
			</Target>
			<Target title="Win32 Release with Debug info">
				<Option output="D:/赵晓娜/小图NRM_zxn10功能全/NRM___Win32_Release_with_Debug_info/NRM" prefix_auto="1" extension_auto="1" />
				<Option object_output="NRM___Win32_Release_with_Debug_info" />
				<Option type="0" />
				<Option compiler="gcc" />
				<Compiler>
					<Add option="-W" />
					<Add option="-fexceptions" />
					<Add option="-g" />
					<Add option="-DWIN32" />
					<Add option="-DNDEBUG" />
					<Add option="-D_WINDOWS" />
					<Add option="-D_AFXDLL" />
					<Add option="-D_MBCS" />
				</Compiler>
				<Linker>
					<Add library="libeng" />
					<Add library="libmx" />
					<Add library="libmat" />
				</Linker>
			</Target>
		</Build>
		<Unit filename="../../Program Files/Microsoft Platform SDK for Windows Server 2003 R2/Include/GdiPlusBrush.h" />
		<Unit filename="GdiPlusEnums.h" />
		<Unit filename="GdiPlusHeaders.h" />
		<Unit filename="GdiPlusTypes.h" />
		<Unit filename="Include/ArubaManager.cpp" />
		<Unit filename="Include/ArubaManager.h" />
		<Unit filename="Include/BPnetwork.cpp" />
		<Unit filename="Include/BPnetwork.h" />
		<Unit filename="Include/Buffer.cpp" />
		<Unit filename="Include/Buffer.h" />
		<Unit filename="Include/ChannelMetricComparator.cpp" />
		<Unit filename="Include/ChannelMetricComparator.h" />
		<Unit filename="Include/Constant.cpp" />
		<Unit filename="Include/Constant.h" />
		<Unit filename="Include/FunctionLibrary.cpp" />
		<Unit filename="Include/FunctionLibrary.h" />
		<Unit filename="Include/Global.cpp" />
		<Unit filename="Include/Global.h" />
		<Unit filename="Include/MatlabEngine.cpp" />
		<Unit filename="Include/MatlabEngine.h" />
		<Unit filename="Include/Options.cpp" />
		<Unit filename="Include/Options.h" />
		<Unit filename="Include/SerialPort.cpp" />
		<Unit filename="Include/SerialPort.h" />
		<Unit filename="Include/TypeLibrary.cpp" />
		<Unit filename="Include/TypeLibrary.h" />
		<Unit filename="NRM.cpp" />
		<Unit filename="NRM.h" />
		<Unit filename="NRM.rc">
			<Option compilerVar="WINDRES" />
		</Unit>
		<Unit filename="NRMDoc.cpp" />
		<Unit filename="NRMDoc.h" />
		<Unit filename="QGdiPlus.h" />
		<Unit filename="ReadMe.txt" />
		<Unit filename="Socket/ProtocolRx.cpp" />
		<Unit filename="Socket/ProtocolRx.h" />
		<Unit filename="Socket/SocketDx.cpp" />
		<Unit filename="Socket/SocketDx.h" />
		<Unit filename="Socket/SocketRx.cpp" />
		<Unit filename="Socket/SocketRx.h" />
		<Unit filename="Socket/SocketTx.cpp" />
		<Unit filename="Socket/SocketTx.h" />
		<Unit filename="StdAfx.cpp" />
		<Unit filename="StdAfx.h" />
		<Unit filename="UI/AboutDlg.cpp" />
		<Unit filename="UI/AboutDlg.h" />
		<Unit filename="UI/ArubaManagerDlg.cpp" />
		<Unit filename="UI/ArubaManagerDlg.h" />
		<Unit filename="UI/CellRange.h" />
		<Unit filename="UI/CognitiveInfosDlg.cpp" />
		<Unit filename="UI/CognitiveInfosDlg.h" />
		<Unit filename="UI/CognitiveView.cpp" />
		<Unit filename="UI/CognitiveView.h" />
		<Unit filename="UI/DlgNetParaSet.cpp" />
		<Unit filename="UI/DlgNetParaSet.h" />
		<Unit filename="UI/Graph.cpp" />
		<Unit filename="UI/Graph.h" />
		<Unit filename="UI/GraphDataColor.cpp" />
		<Unit filename="UI/GraphDataColor.h" />
		<Unit filename="UI/GraphDataSet.cpp" />
		<Unit filename="UI/GraphDataSet.h" />
		<Unit filename="UI/GraphLegend.cpp" />
		<Unit filename="UI/GraphLegend.h" />
		<Unit filename="UI/GraphLegendSet.cpp" />
		<Unit filename="UI/GraphLegendSet.h" />
		<Unit filename="UI/GraphPieLabel.cpp" />
		<Unit filename="UI/GraphPieLabel.h" />
		<Unit filename="UI/GraphSeries.cpp" />
		<Unit filename="UI/GraphSeries.h" />
		<Unit filename="UI/GridCell.cpp" />
		<Unit filename="UI/GridCell.h" />
		<Unit filename="UI/GridCellBase.cpp" />
		<Unit filename="UI/GridCellBase.h" />
		<Unit filename="UI/GridCellCheck.cpp" />
		<Unit filename="UI/GridCellCheck.h" />
		<Unit filename="UI/GridCellCombo.cpp" />
		<Unit filename="UI/GridCellCombo.h" />
		<Unit filename="UI/GridCellDateTime.cpp" />
		<Unit filename="UI/GridCellDateTime.h" />
		<Unit filename="UI/GridCellNumeric.cpp" />
		<Unit filename="UI/GridCellNumeric.h" />
		<Unit filename="UI/GridCtrl.cpp" />
		<Unit filename="UI/GridCtrl.h" />
		<Unit filename="UI/GridCtrlDlg.cpp" />
		<Unit filename="UI/GridCtrlDlg.h" />
		<Unit filename="UI/GridDropTarget.cpp" />
		<Unit filename="UI/GridDropTarget.h" />
		<Unit filename="UI/GridURLCell.cpp" />
		<Unit filename="UI/GridURLCell.h" />
		<Unit filename="UI/HTRichEditCtrl.cpp" />
		<Unit filename="UI/HTRichEditCtrl.h" />
		<Unit filename="UI/HyperLink.cpp" />
		<Unit filename="UI/HyperLink.h" />
		<Unit filename="UI/InPlaceEdit.cpp" />
		<Unit filename="UI/InPlaceEdit.h" />
		<Unit filename="UI/MainFrm.cpp" />
		<Unit filename="UI/MainFrm.h" />
		<Unit filename="UI/MemDC.h" />
		<Unit filename="UI/NRMView.cpp" />
		<Unit filename="UI/NRMView.h" />
		<Unit filename="UI/OutputBar.cpp" />
		<Unit filename="UI/OutputBar.h" />
		<Unit filename="UI/RCPropertySheet.cpp" />
		<Unit filename="UI/RCPropertySheet.h" />
		<Unit filename="UI/SizingDialog.cpp" />
		<Unit filename="UI/SizingDialog.h" />
		<Unit filename="UI/SizingSP.cpp" />
		<Unit filename="UI/SizingSP.h" />
		<Unit filename="UI/TitleTip.cpp" />
		<Unit filename="UI/TitleTip.h" />
		<Unit filename="UI/TreeCtrlRC.cpp" />
		<Unit filename="UI/TreeCtrlRC.h" />
		<Unit filename="UI/WorkspaceBar.cpp" />
		<Unit filename="UI/WorkspaceBar.h" />
		<Unit filename="UI/WorkspaceBar2.cpp" />
		<Unit filename="UI/WorkspaceBar2.h" />
		<Unit filename="UI/font.cpp" />
		<Unit filename="UI/font.h" />
		<Unit filename="UI/mschart.cpp" />
		<Unit filename="UI/mschart.h" />
		<Unit filename="UI/mschartdlg.cpp" />
		<Unit filename="UI/mschartdlg.h" />
		<Unit filename="UI/predictionview.cpp" />
		<Unit filename="UI/predictionview.h" />
		<Unit filename="UI/vcaxis.cpp" />
		<Unit filename="UI/vcaxis.h" />
		<Unit filename="UI/vcaxisgrid.cpp" />
		<Unit filename="UI/vcaxisgrid.h" />
		<Unit filename="UI/vcaxisscale.cpp" />
		<Unit filename="UI/vcaxisscale.h" />
		<Unit filename="UI/vcaxistitle.cpp" />
		<Unit filename="UI/vcaxistitle.h" />
		<Unit filename="UI/vcbackdrop.cpp" />
		<Unit filename="UI/vcbackdrop.h" />
		<Unit filename="UI/vcbrush.cpp" />
		<Unit filename="UI/vcbrush.h" />
		<Unit filename="UI/vccategoryscale.cpp" />
		<Unit filename="UI/vccategoryscale.h" />
		<Unit filename="UI/vccolor.cpp" />
		<Unit filename="UI/vccolor.h" />
		<Unit filename="UI/vccoor.cpp" />
		<Unit filename="UI/vccoor.h" />
		<Unit filename="UI/vcdatagrid.cpp" />
		<Unit filename="UI/vcdatagrid.h" />
		<Unit filename="UI/vcdatapoint.cpp" />
		<Unit filename="UI/vcdatapoint.h" />
		<Unit filename="UI/vcdatapointlabel.cpp" />
		<Unit filename="UI/vcdatapointlabel.h" />
		<Unit filename="UI/vcdatapoints.cpp" />
		<Unit filename="UI/vcdatapoints.h" />
		<Unit filename="UI/vcfill.cpp" />
		<Unit filename="UI/vcfill.h" />
		<Unit filename="UI/vcfont.cpp" />
		<Unit filename="UI/vcfont.h" />
		<Unit filename="UI/vcfootnote.cpp" />
		<Unit filename="UI/vcfootnote.h" />
		<Unit filename="UI/vcframe.cpp" />
		<Unit filename="UI/vcframe.h" />
		<Unit filename="UI/vcintersection.cpp" />
		<Unit filename="UI/vcintersection.h" />
		<Unit filename="UI/vclabel.cpp" />
		<Unit filename="UI/vclabel.h" />
		<Unit filename="UI/vclabels.cpp" />
		<Unit filename="UI/vclabels.h" />
		<Unit filename="UI/vclcoor.cpp" />
		<Unit filename="UI/vclcoor.h" />
		<Unit filename="UI/vclegend.cpp" />
		<Unit filename="UI/vclegend.h" />
		<Unit filename="UI/vclight.cpp" />
		<Unit filename="UI/vclight.h" />
		<Unit filename="UI/vclightsource.cpp" />
		<Unit filename="UI/vclightsource.h" />
		<Unit filename="UI/vclightsources.cpp" />
		<Unit filename="UI/vclightsources.h" />
		<Unit filename="UI/vclocation.cpp" />
		<Unit filename="UI/vclocation.h" />
		<Unit filename="UI/vcmarker.cpp" />
		<Unit filename="UI/vcmarker.h" />
		<Unit filename="UI/vcpen.cpp" />
		<Unit filename="UI/vcpen.h" />
		<Unit filename="UI/vcplot.cpp" />
		<Unit filename="UI/vcplot.h" />
		<Unit filename="UI/vcplotbase.cpp" />
		<Unit filename="UI/vcplotbase.h" />
		<Unit filename="UI/vcrect.cpp" />
		<Unit filename="UI/vcrect.h" />
		<Unit filename="UI/vcseries.cpp" />
		<Unit filename="UI/vcseries.h" />
		<Unit filename="UI/vcseriescollection.cpp" />
		<Unit filename="UI/vcseriescollection.h" />
		<Unit filename="UI/vcseriesmarker.cpp" />
		<Unit filename="UI/vcseriesmarker.h" />
		<Unit filename="UI/vcseriesposition.cpp" />
		<Unit filename="UI/vcseriesposition.h" />
		<Unit filename="UI/vcshadow.cpp" />
		<Unit filename="UI/vcshadow.h" />
		<Unit filename="UI/vcstatline.cpp" />
		<Unit filename="UI/vcstatline.h" />
		<Unit filename="UI/vctextlayout.cpp" />
		<Unit filename="UI/vctextlayout.h" />
		<Unit filename="UI/vctick.cpp" />
		<Unit filename="UI/vctick.h" />
		<Unit filename="UI/vctitle.cpp" />
		<Unit filename="UI/vctitle.h" />
		<Unit filename="UI/vcvaluescale.cpp" />
		<Unit filename="UI/vcvaluescale.h" />
		<Unit filename="UI/vcview3d.cpp" />
		<Unit filename="UI/vcview3d.h" />
		<Unit filename="UI/vcwall.cpp" />
		<Unit filename="UI/vcwall.h" />
		<Unit filename="UI/vcweighting.cpp" />
		<Unit filename="UI/vcweighting.h" />
		<Unit filename="Win32Tools/AddressTable.cpp" />
		<Unit filename="Win32Tools/AddressTable.h" />
		<Unit filename="Win32Tools/CriticalSection.cpp" />
		<Unit filename="Win32Tools/CriticalSection.h" />
		<Unit filename="Win32Tools/Event.cpp" />
		<Unit filename="Win32Tools/Event.h" />
		<Unit filename="Win32Tools/Exception.cpp" />
		<Unit filename="Win32Tools/Exception.h" />
		<Unit filename="Win32Tools/ICriticalSectionFactory.h" />
		<Unit filename="Win32Tools/IOBuffer.cpp" />
		<Unit filename="Win32Tools/IOBuffer.h" />
		<Unit filename="Win32Tools/IOCompletionPort.cpp" />
		<Unit filename="Win32Tools/IOCompletionPort.h" />
		<Unit filename="Win32Tools/IOPool.cpp" />
		<Unit filename="Win32Tools/IOPool.h" />
		<Unit filename="Win32Tools/ManualResetEvent.cpp" />
		<Unit filename="Win32Tools/ManualResetEvent.h" />
		<Unit filename="Win32Tools/NoPlatformSDK.h" />
		<Unit filename="Win32Tools/NodeList.cpp" />
		<Unit filename="Win32Tools/NodeList.h" />
		<Unit filename="Win32Tools/OpaqueUserData.h" />
		<Unit filename="Win32Tools/SharedCriticalSection.cpp" />
		<Unit filename="Win32Tools/SharedCriticalSection.h" />
		<Unit filename="Win32Tools/Socket.cpp" />
		<Unit filename="Win32Tools/Socket.h" />
		<Unit filename="Win32Tools/SocketAddress.cpp" />
		<Unit filename="Win32Tools/SocketAddress.h" />
		<Unit filename="Win32Tools/SocketServer.cpp" />
		<Unit filename="Win32Tools/SocketServer.h" />
		<Unit filename="Win32Tools/SocketServerUDP.cpp" />
		<Unit filename="Win32Tools/SocketServerUDP.h" />
		<Unit filename="Win32Tools/StringConverter.cpp" />
		<Unit filename="Win32Tools/StringConverter.h" />
		<Unit filename="Win32Tools/SystemInfo.h" />
		<Unit filename="Win32Tools/Thread.cpp" />
		<Unit filename="Win32Tools/Thread.h" />
		<Unit filename="Win32Tools/Todo.h" />
		<Unit filename="Win32Tools/UsesWinsock.cpp" />
		<Unit filename="Win32Tools/UsesWinsock.h" />
		<Unit filename="Win32Tools/Utils.cpp" />
		<Unit filename="Win32Tools/Utils.h" />
		<Unit filename="Win32Tools/Win32Exception.cpp" />
		<Unit filename="Win32Tools/Win32Exception.h" />
		<Unit filename="Win32Tools/WinsockWrapper.h" />
		<Unit filename="Win32Tools/tstring.h" />
		<Unit filename="res/MyToolbar.bmp" />
		<Unit filename="res/NRM.ico" />
		<Unit filename="res/NRM.rc2" />
		<Unit filename="res/NRM1.ico" />
		<Unit filename="res/NRM2.ico" />
		<Unit filename="res/NRMDoc.ico" />
		<Unit filename="res/RNRM.ico" />
		<Unit filename="res/RNRM1.ico" />
		<Unit filename="res/RNRM2.ico" />
		<Unit filename="res/Toolbar.bmp" />
		<Unit filename="res/Toolbar256.bmp" />
		<Unit filename="res/bitmap1.bmp" />
		<Unit filename="res/globe.bmp" />
		<Unit filename="res/mytoobar.bmp" />
		<Unit filename="res/mytoolbar_hc.bmp" />
		<Unit filename="res/nrm.bmp" />
		<Unit filename="res/smallico.bmp" />
		<Unit filename="res/workspace.bmp" />
		<Unit filename="resource.h" />
		<Unit filename="xptheme.xml" />
		<Extensions>
			<code_completion />
			<envvars />
			<debugger />
		</Extensions>
	</Project>
</CodeBlocks_project_file>
